// !$*UTF8*$!
{
	archiveVersion = 1;
	classes = {
	};
	objectVersion = 48;
	objects = {

/* Begin PBXBuildFile section */
		273DB9492F41AEEBFFDA9523 /* libPods-ZPRingtone.a in Frameworks */ = {isa = PBXBuildFile; fileRef = FD8298BC78D1FE45DC69E9A2 /* libPods-ZPRingtone.a */; };
		78ECC4AF1FD0457A005ED434 /* AppDelegate.m in Sources */ = {isa = PBXBuildFile; fileRef = 78ECC4AE1FD0457A005ED434 /* AppDelegate.m */; };
		78ECC4B21FD0457A005ED434 /* ViewController.m in Sources */ = {isa = PBXBuildFile; fileRef = 78ECC4B11FD0457A005ED434 /* ViewController.m */; };
		78ECC4B51FD0457A005ED434 /* Main.storyboard in Resources */ = {isa = PBXBuildFile; fileRef = 78ECC4B31FD0457A005ED434 /* Main.storyboard */; };
		78ECC4B71FD0457A005ED434 /* Assets.xcassets in Resources */ = {isa = PBXBuildFile; fileRef = 78ECC4B61FD0457A005ED434 /* Assets.xcassets */; };
		78ECC4BA1FD0457A005ED434 /* LaunchScreen.storyboard in Resources */ = {isa = PBXBuildFile; fileRef = 78ECC4B81FD0457A005ED434 /* LaunchScreen.storyboard */; };
		78ECC4BD1FD0457A005ED434 /* main.m in Sources */ = {isa = PBXBuildFile; fileRef = 78ECC4BC1FD0457A005ED434 /* main.m */; };
/* End PBXBuildFile section */

/* Begin PBXFileReference section */
		362CA4D47E5ED18842990D81 /* Pods-ZPRingtone.release.xcconfig */ = {isa = PBXFileReference; includeInIndex = 1; lastKnownFileType = text.xcconfig; name = "Pods-ZPRingtone.release.xcconfig"; path = "Pods/Target Support Files/Pods-ZPRingtone/Pods-ZPRingtone.release.xcconfig"; sourceTree = "<group>"; };
		46D323705745EF75CC8AC34F /* Pods-ZPRingtone.debug.xcconfig */ = {isa = PBXFileReference; includeInIndex = 1; lastKnownFileType = text.xcconfig; name = "Pods-ZPRingtone.debug.xcconfig"; path = "Pods/Target Support Files/Pods-ZPRingtone/Pods-ZPRingtone.debug.xcconfig"; sourceTree = "<group>"; };
		78ECC4AA1FD0457A005ED434 /* ZPRingtone.app */ = {isa = PBXFileReference; explicitFileType = wrapper.application; includeInIndex = 0; path = ZPRingtone.app; sourceTree = BUILT_PRODUCTS_DIR; };
		78ECC4AD1FD0457A005ED434 /* AppDelegate.h */ = {isa = PBXFileReference; lastKnownFileType = sourcecode.c.h; path = AppDelegate.h; sourceTree = "<group>"; };
		78ECC4AE1FD0457A005ED434 /* AppDelegate.m */ = {isa = PBXFileReference; lastKnownFileType = sourcecode.c.objc; path = AppDelegate.m; sourceTree = "<group>"; };
		78ECC4B01FD0457A005ED434 /* ViewController.h */ = {isa = PBXFileReference; lastKnownFileType = sourcecode.c.h; path = ViewController.h; sourceTree = "<group>"; };
		78ECC4B11FD0457A005ED434 /* ViewController.m */ = {isa = PBXFileReference; lastKnownFileType = sourcecode.c.objc; path = ViewController.m; sourceTree = "<group>"; };
		78ECC4B41FD0457A005ED434 /* Base */ = {isa = PBXFileReference; lastKnownFileType = file.storyboard; name = Base; path = Base.lproj/Main.storyboard; sourceTree = "<group>"; };
		78ECC4B61FD0457A005ED434 /* Assets.xcassets */ = {isa = PBXFileReference; lastKnownFileType = folder.assetcatalog; path = Assets.xcassets; sourceTree = "<group>"; };
		78ECC4B91FD0457A005ED434 /* Base */ = {isa = PBXFileReference; lastKnownFileType = file.storyboard; name = Base; path = Base.lproj/LaunchScreen.storyboard; sourceTree = "<group>"; };
		78ECC4BB1FD0457A005ED434 /* Info.plist */ = {isa = PBXFileReference; lastKnownFileType = text.plist.xml; path = Info.plist; sourceTree = "<group>"; };
		78ECC4BC1FD0457A005ED434 /* main.m */ = {isa = PBXFileReference; lastKnownFileType = sourcecode.c.objc; path = main.m; sourceTree = "<group>"; };
		FD8298BC78D1FE45DC69E9A2 /* libPods-ZPRingtone.a */ = {isa = PBXFileReference; explicitFileType = archive.ar; includeInIndex = 0; path = "libPods-ZPRingtone.a"; sourceTree = BUILT_PRODUCTS_DIR; };
/* End PBXFileReference section */

/* Begin PBXFrameworksBuildPhase section */
		78ECC4A71FD0457A005ED434 /* Frameworks */ = {
			isa = PBXFrameworksBuildPhase;
			buildActionMask = 2147483647;
			files = (
				273DB9492F41AEEBFFDA9523 /* libPods-ZPRingtone.a in Frameworks */,
			);
			runOnlyForDeploymentPostprocessing = 0;
		};
/* End PBXFrameworksBuildPhase section */

/* Begin PBXGroup section */
		716BF47D1EF73FE30CB91B44 /* Pods */ = {
			isa = PBXGroup;
			children = (
				46D323705745EF75CC8AC34F /* Pods-ZPRingtone.debug.xcconfig */,
				362CA4D47E5ED18842990D81 /* Pods-ZPRingtone.release.xcconfig */,
			);
			name = Pods;
			sourceTree = "<group>";
		};
		78ECC4A11FD04577005ED434 = {
			isa = PBXGroup;
			children = (
				78ECC4AC1FD0457A005ED434 /* ZPRingtone */,
				78ECC4AB1FD0457A005ED434 /* Products */,
				716BF47D1EF73FE30CB91B44 /* Pods */,
				D1EA2ECBAFDAB1CD097FAFC1 /* Frameworks */,
			);
			sourceTree = "<group>";
		};
		78ECC4AB1FD0457A005ED434 /* Products */ = {
			isa = PBXGroup;
			children = (
				78ECC4AA1FD0457A005ED434 /* ZPRingtone.app */,
			);
			name = Products;
			sourceTree = "<group>";
		};
		78ECC4AC1FD0457A005ED434 /* ZPRingtone */ = {
			isa = PBXGroup;
			children = (
				78ECC4AD1FD0457A005ED434 /* AppDelegate.h */,
				78ECC4AE1FD0457A005ED434 /* AppDelegate.m */,
				78ECC4B01FD0457A005ED434 /* ViewController.h */,
				78ECC4B11FD0457A005ED434 /* ViewController.m */,
				78ECC4B31FD0457A005ED434 /* Main.storyboard */,
				78ECC4B61FD0457A005ED434 /* Assets.xcassets */,
				78ECC4B81FD0457A005ED434 /* LaunchScreen.storyboard */,
				78ECC4BB1FD0457A005ED434 /* Info.plist */,
				78ECC4BC1FD0457A005ED434 /* main.m */,
			);
			path = ZPRingtone;
			sourceTree = "<group>";
		};
		D1EA2ECBAFDAB1CD097FAFC1 /* Frameworks */ = {
			isa = PBXGroup;
			children = (
				FD8298BC78D1FE45DC69E9A2 /* libPods-ZPRingtone.a */,
			);
			name = Frameworks;
			sourceTree = "<group>";
		};
/* End PBXGroup section */

/* Begin PBXNativeTarget section */
		78ECC4A91FD0457A005ED434 /* ZPRingtone */ = {
			isa = PBXNativeTarget;
			buildConfigurationList = 78ECC4C01FD0457A005ED434 /* Build configuration list for PBXNativeTarget "ZPRingtone" */;
			buildPhases = (
				464D3BF661512900D9EE2F5E /* [CP] Check Pods Manifest.lock */,
				78ECC4A61FD0457A005ED434 /* Sources */,
				78ECC4A71FD0457A005ED434 /* Frameworks */,
				78ECC4A81FD0457A005ED434 /* Resources */,
				929AEC3AC07087A84C26EB19 /* [CP] Embed Pods Frameworks */,
				2D1BC37B95FA7793764A4370 /* [CP] Copy Pods Resources */,
			);
			buildRules = (
			);
			dependencies = (
			);
			name = ZPRingtone;
			productName = ZPRingtone;
			productReference = 78ECC4AA1FD0457A005ED434 /* ZPRingtone.app */;
			productType = "com.apple.product-type.application";
		};
/* End PBXNativeTarget section */

/* Begin PBXProject section */
		78ECC4A21FD04577005ED434 /* Project object */ = {
			isa = PBXProject;
			attributes = {
				LastUpgradeCheck = 0910;
				ORGANIZATIONNAME = zhoupan;
				TargetAttributes = {
					78ECC4A91FD0457A005ED434 = {
						CreatedOnToolsVersion = 9.1;
						ProvisioningStyle = Automatic;
					};
				};
			};
			buildConfigurationList = 78ECC4A51FD04577005ED434 /* Build configuration list for PBXProject "ZPRingtone" */;
			compatibilityVersion = "Xcode 8.0";
			developmentRegion = en;
			hasScannedForEncodings = 0;
			knownRegions = (
				en,
				Base,
			);
			mainGroup = 78ECC4A11FD04577005ED434;
			productRefGroup = 78ECC4AB1FD0457A005ED434 /* Products */;
			projectDirPath = "";
			projectRoot = "";
			targets = (
				78ECC4A91FD0457A005ED434 /* ZPRingtone */,
			);
		};
/* End PBXProject section */

/* Begin PBXResourcesBuildPhase section */
		78ECC4A81FD0457A005ED434 /* Resources */ = {
			isa = PBXResourcesBuildPhase;
			buildActionMask = 2147483647;
			files = (
				78ECC4BA1FD0457A005ED434 /* LaunchScreen.storyboard in Resources */,
				78ECC4B71FD0457A005ED434 /* Assets.xcassets in Resources */,
				78ECC4B51FD0457A005ED434 /* Main.storyboard in Resources */,
			);
			runOnlyForDeploymentPostprocessing = 0;
		};
/* End PBXResourcesBuildPhase section */

/* Begin PBXShellScriptBuildPhase section */
		2D1BC37B95FA7793764A4370 /* [CP] Copy Pods Resources */ = {
			isa = PBXShellScriptBuildPhase;
			buildActionMask = 2147483647;
			files = (
			);
			inputPaths = (
			);
			name = "[CP] Copy Pods Resources";
			outputPaths = (
			);
			runOnlyForDeploymentPostprocessing = 0;
			shellPath = /bin/sh;
			shellScript = "\"${SRCROOT}/Pods/Target Support Files/Pods-ZPRingtone/Pods-ZPRingtone-resources.sh\"\n";
			showEnvVarsInLog = 0;
		};
		464D3BF661512900D9EE2F5E /* [CP] Check Pods Manifest.lock */ = {
			isa = PBXShellScriptBuildPhase;
			buildActionMask = 2147483647;
			files = (
			);
			inputPaths = (
				"${PODS_PODFILE_DIR_PATH}/Podfile.lock",
				"${PODS_ROOT}/Manifest.lock",
			);
			name = "[CP] Check Pods Manifest.lock";
			outputPaths = (
				"$(DERIVED_FILE_DIR)/Pods-ZPRingtone-checkManifestLockResult.txt",
			);
			runOnlyForDeploymentPostprocessing = 0;
			shellPath = /bin/sh;
			shellScript = "diff \"${PODS_PODFILE_DIR_PATH}/Podfile.lock\" \"${PODS_ROOT}/Manifest.lock\" > /dev/null\nif [ $? != 0 ] ; then\n    # print error to STDERR\n    echo \"error: The sandbox is not in sync with the Podfile.lock. Run 'pod install' or update your CocoaPods installation.\" >&2\n    exit 1\nfi\n# This output is used by Xcode 'outputs' to avoid re-running this script phase.\necho \"SUCCESS\" > \"${SCRIPT_OUTPUT_FILE_0}\"\n";
			showEnvVarsInLog = 0;
		};
		929AEC3AC07087A84C26EB19 /* [CP] Embed Pods Frameworks */ = {
			isa = PBXShellScriptBuildPhase;
			buildActionMask = 2147483647;
			files = (
			);
			inputPaths = (
				"${SRCROOT}/Pods/Target Support Files/Pods-ZPRingtone/Pods-ZPRingtone-frameworks.sh",
				"${PODS_ROOT}/AudioKit/iOS/AudioKit.framework",
				"${PODS_ROOT}/AudioKit/iOS/AudioKitUI.framework",
			);
			name = "[CP] Embed Pods Frameworks";
			outputPaths = (
				"${TARGET_BUILD_DIR}/${FRAMEWORKS_FOLDER_PATH}/AudioKit.framework",
				"${TARGET_BUILD_DIR}/${FRAMEWORKS_FOLDER_PATH}/AudioKitUI.framework",
			);
			runOnlyForDeploymentPostprocessing = 0;
			shellPath = /bin/sh;
			shellScript = "\"${SRCROOT}/Pods/Target Support Files/Pods-ZPRingtone/Pods-ZPRingtone-frameworks.sh\"\n";
			showEnvVarsInLog = 0;
		};
/* End PBXShellScriptBuildPhase section */

/* Begin PBXSourcesBuildPhase section */
		78ECC4A61FD0457A005ED434 /* Sources */ = {
			isa = PBXSourcesBuildPhase;
			buildActionMask = 2147483647;
			files = (
				78ECC4B21FD0457A005ED434 /* ViewController.m in Sources */,
				78ECC4BD1FD0457A005ED434 /* main.m in Sources */,
				78ECC4AF1FD0457A005ED434 /* AppDelegate.m in Sources */,
			);
			runOnlyForDeploymentPostprocessing = 0;
		};
/* End PBXSourcesBuildPhase section */

/* Begin PBXVariantGroup section */
		78ECC4B31FD0457A005ED434 /* Main.storyboard */ = {
			isa = PBXVariantGroup;
			children = (
				78ECC4B41FD0457A005ED434 /* Base */,
			);
			name = Main.storyboard;
			sourceTree = "<group>";
		};
		78ECC4B81FD0457A005ED434 /* LaunchScreen.storyboard */ = {
			isa = PBXVariantGroup;
			children = (
				78ECC4B91FD0457A005ED434 /* Base */,
			);
			name = LaunchScreen.storyboard;
			sourceTree = "<group>";
		};
/* End PBXVariantGroup section */

/* Begin XCBuildConfiguration section */
		78ECC4BE1FD0457A005ED434 /* Debug */ = {
			isa = XCBuildConfiguration;
			buildSettings = {
				ALWAYS_SEARCH_USER_PATHS = NO;
				CLANG_ANALYZER_NONNULL = YES;
				CLANG_ANALYZER_NUMBER_OBJECT_CONVERSION = YES_AGGRESSIVE;
				CLANG_CXX_LANGUAGE_STANDARD = "gnu++14";
				CLANG_CXX_LIBRARY = "libc++";
				CLANG_ENABLE_MODULES = YES;
				CLANG_ENABLE_OBJC_ARC = YES;
				CLANG_WARN_BLOCK_CAPTURE_AUTORELEASING = YES;
				CLANG_WARN_BOOL_CONVERSION = YES;
				CLANG_WARN_COMMA = YES;
				CLANG_WARN_CONSTANT_CONVERSION = YES;
				CLANG_WARN_DIRECT_OBJC_ISA_USAGE = YES_ERROR;
				CLANG_WARN_DOCUMENTATION_COMMENTS = YES;
				CLANG_WARN_EMPTY_BODY = YES;
				CLANG_WARN_ENUM_CONVERSION = YES;
				CLANG_WARN_INFINITE_RECURSION = YES;
				CLANG_WARN_INT_CONVERSION = YES;
				CLANG_WARN_NON_LITERAL_NULL_CONVERSION = YES;
				CLANG_WARN_OBJC_LITERAL_CONVERSION = YES;
				CLANG_WARN_OBJC_ROOT_CLASS = YES_ERROR;
				CLANG_WARN_RANGE_LOOP_ANALYSIS = YES;
				CLANG_WARN_STRICT_PROTOTYPES = YES;
				CLANG_WARN_SUSPICIOUS_MOVE = YES;
				CLANG_WARN_UNGUARDED_AVAILABILITY = YES_AGGRESSIVE;
				CLANG_WARN_UNREACHABLE_CODE = YES;
				CLANG_WARN__DUPLICATE_METHOD_MATCH = YES;
				CODE_SIGN_IDENTITY = "iPhone Developer";
				COPY_PHASE_STRIP = NO;
				DEBUG_INFORMATION_FORMAT = dwarf;
				ENABLE_STRICT_OBJC_MSGSEND = YES;
				ENABLE_TESTABILITY = YES;
				GCC_C_LANGUAGE_STANDARD = gnu11;
				GCC_DYNAMIC_NO_PIC = NO;
				GCC_NO_COMMON_BLOCKS = YES;
				GCC_OPTIMIZATION_LEVEL = 0;
				GCC_PREPROCESSOR_DEFINITIONS = (
					"DEBUG=1",
					"$(inherited)",
				);
				GCC_WARN_64_TO_32_BIT_CONVERSION = YES;
				GCC_WARN_ABOUT_RETURN_TYPE = YES_ERROR;
				GCC_WARN_UNDECLARED_SELECTOR = YES;
				GCC_WARN_UNINITIALIZED_AUTOS = YES_AGGRESSIVE;
				GCC_WARN_UNUSED_FUNCTION = YES;
				GCC_WARN_UNUSED_VARIABLE = YES;
				IPHONEOS_DEPLOYMENT_TARGET = 11.1;
				MTL_ENABLE_DEBUG_INFO = YES;
				ONLY_ACTIVE_ARCH = YES;
				SDKROOT = iphoneos;
			};
			name = Debug;
		};
		78ECC4BF1FD0457A005ED434 /* Release */ = {
			isa = XCBuildConfiguration;
			buildSettings = {
				ALWAYS_SEARCH_USER_PATHS = NO;
				CLANG_ANALYZER_NONNULL = YES;
				CLANG_ANALYZER_NUMBER_OBJECT_CONVERSION = YES_AGGRESSIVE;
				CLANG_CXX_LANGUAGE_STANDARD = "gnu++14";
				CLANG_CXX_LIBRARY = "libc++";
				CLANG_ENABLE_MODULES = YES;
				CLANG_ENABLE_OBJC_ARC = YES;
				CLANG_WARN_BLOCK_CAPTURE_AUTORELEASING = YES;
				CLANG_WARN_BOOL_CONVERSION = YES;
				CLANG_WARN_COMMA = YES;
				CLANG_WARN_CONSTANT_CONVERSION = YES;
				CLANG_WARN_DIRECT_OBJC_ISA_USAGE = YES_ERROR;
				CLANG_WARN_DOCUMENTATION_COMMENTS = YES;
				CLANG_WARN_EMPTY_BODY = YES;
				CLANG_WARN_ENUM_CONVERSION = YES;
				CLANG_WARN_INFINITE_RECURSION = YES;
				CLANG_WARN_INT_CONVERSION = YES;
				CLANG_WARN_NON_LITERAL_NULL_CONVERSION = YES;
				CLANG_WARN_OBJC_LITERAL_CONVERSION = YES;
				CLANG_WARN_OBJC_ROOT_CLASS = YES_ERROR;
				CLANG_WARN_RANGE_LOOP_ANALYSIS = YES;
				CLANG_WARN_STRICT_PROTOTYPES = YES;
				CLANG_WARN_SUSPICIOUS_MOVE = YES;
				CLANG_WARN_UNGUARDED_AVAILABILITY = YES_AGGRESSIVE;
				CLANG_WARN_UNREACHABLE_CODE = YES;
				CLANG_WARN__DUPLICATE_METHOD_MATCH = YES;
				CODE_SIGN_IDENTITY = "iPhone Developer";
				COPY_PHASE_STRIP = NO;
				DEBUG_INFORMATION_FORMAT = "dwarf-with-dsym";
				ENABLE_NS_ASSERTIONS = NO;
				ENABLE_STRICT_OBJC_MSGSEND = YES;
				GCC_C_LANGUAGE_STANDARD = gnu11;
				GCC_NO_COMMON_BLOCKS = YES;
				GCC_WARN_64_TO_32_BIT_CONVERSION = YES;
				GCC_WARN_ABOUT_RETURN_TYPE = YES_ERROR;
				GCC_WARN_UNDECLARED_SELECTOR = YES;
				GCC_WARN_UNINITIALIZED_AUTOS = YES_AGGRESSIVE;
				GCC_WARN_UNUSED_FUNCTION = YES;
				GCC_WARN_UNUSED_VARIABLE = YES;
				IPHONEOS_DEPLOYMENT_TARGET = 11.1;
				MTL_ENABLE_DEBUG_INFO = NO;
				SDKROOT = iphoneos;
				VALIDATE_PRODUCT = YES;
			};
			name = Release;
		};
		78ECC4C11FD0457A005ED434 /* Debug */ = {
			isa = XCBuildConfiguration;
			baseConfigurationReference = 46D323705745EF75CC8AC34F /* Pods-ZPRingtone.debug.xcconfig */;
			buildSettings = {
				ASSETCATALOG_COMPILER_APPICON_NAME = AppIcon;
				CODE_SIGN_STYLE = Automatic;
				INFOPLIST_FILE = ZPRingtone/Info.plist;
				IPHONEOS_DEPLOYMENT_TARGET = 8.0;
				LD_RUNPATH_SEARCH_PATHS = "$(inherited) @executable_path/Frameworks";
				PRODUCT_BUNDLE_IDENTIFIER = pan.ZPRingtone;
				PRODUCT_NAME = "$(TARGET_NAME)";
				TARGETED_DEVICE_FAMILY = "1,2";
			};
			name = Debug;
		};
		78ECC4C21FD0457A005ED434 /* Release */ = {
			isa = XCBuildConfiguration;
			baseConfigurationReference = 362CA4D47E5ED18842990D81 /* Pods-ZPRingtone.release.xcconfig */;
			buildSettings = {
				ASSETCATALOG_COMPILER_APPICON_NAME = AppIcon;
				CODE_SIGN_STYLE = Automatic;
				INFOPLIST_FILE = ZPRingtone/Info.plist;
				IPHONEOS_DEPLOYMENT_TARGET = 8.0;
				LD_RUNPATH_SEARCH_PATHS = "$(inherited) @executable_path/Frameworks";
				PRODUCT_BUNDLE_IDENTIFIER = pan.ZPRingtone;
				PRODUCT_NAME = "$(TARGET_NAME)";
				TARGETED_DEVICE_FAMILY = "1,2";
			};
			name = Release;
		};
/* End XCBuildConfiguration section */

/* Begin XCConfigurationList section */
		78ECC4A51FD04577005ED434 /* Build configuration list for PBXProject "ZPRingtone" */ = {
			isa = XCConfigurationList;
			buildConfigurations = (
				78ECC4BE1FD0457A005ED434 /* Debug */,
				78ECC4BF1FD0457A005ED434 /* Release */,
			);
			defaultConfigurationIsVisible = 0;
			defaultConfigurationName = Release;
		};
		78ECC4C01FD0457A005ED434 /* Build configuration list for PBXNativeTarget "ZPRingtone" */ = {
			isa = XCConfigurationList;
			buildConfigurations = (
				78ECC4C11FD0457A005ED434 /* Debug */,
				78ECC4C21FD0457A005ED434 /* Release */,
			);
			defaultConfigurationIsVisible = 0;
			defaultConfigurationName = Release;
		};
/* End XCConfigurationList section */
	};
	rootObject = 78ECC4A21FD04577005ED434 /* Project object */;
}
