// !$*UTF8*$!
{
	archiveVersion = 1;
	classes = {
	};
	objectVersion = 48;
	objects = {

/* Begin PBXBuildFile section */
		273DB9492F41AEEBFFDA9523 /* libPods-ZPRingtone.a in Frameworks */ = {isa = PBXBuildFile; fileRef = FD8298BC78D1FE45DC69E9A2 /* libPods-ZPRingtone.a */; };
		7804695B1FD58F6200FF3D1D /* Organ.wav in Resources */ = {isa = PBXBuildFile; fileRef = 780469591FD58F6100FF3D1D /* Organ.wav */; };
		7804695C1FD58F6200FF3D1D /* jingmeng.mp3 in Resources */ = {isa = PBXBuildFile; fileRef = 7804695A1FD58F6200FF3D1D /* jingmeng.mp3 */; };
		780469631FD59C0F00FF3D1D /* ZPHomeViewController.m in Sources */ = {isa = PBXBuildFile; fileRef = A19F47E51FD12D7400527199 /* ZPHomeViewController.m */; };
		780469641FD59C7A00FF3D1D /* TchaikovskyExample2.m4a in Resources */ = {isa = PBXBuildFile; fileRef = 7804695D1FD59B0200FF3D1D /* TchaikovskyExample2.m4a */; };
		788FA8FB1FD583D60012BE64 /* IMXAudioFileManager.m in Sources */ = {isa = PBXBuildFile; fileRef = 788FA8FA1FD583D60012BE64 /* IMXAudioFileManager.m */; };
		788FA8FF1FD584E20012BE64 /* FDWaveformView.swift in Sources */ = {isa = PBXBuildFile; fileRef = 788FA8FC1FD584E20012BE64 /* FDWaveformView.swift */; };
		788FA9001FD584E20012BE64 /* FDAudioContext.swift in Sources */ = {isa = PBXBuildFile; fileRef = 788FA8FD1FD584E20012BE64 /* FDAudioContext.swift */; };
		788FA9011FD584E20012BE64 /* FDWaveformRenderOperation.swift in Sources */ = {isa = PBXBuildFile; fileRef = 788FA8FE1FD584E20012BE64 /* FDWaveformRenderOperation.swift */; };
		78D9D0CC1FD6D9A30096B177 /* IMXWaveFormManager.swift in Sources */ = {isa = PBXBuildFile; fileRef = 78D9D0CB1FD6D9A30096B177 /* IMXWaveFormManager.swift */; };
		78D9D0CF1FD825570096B177 /* IMXClipView.m in Sources */ = {isa = PBXBuildFile; fileRef = 78D9D0CE1FD825570096B177 /* IMXClipView.m */; };
		78D9D0D11FDBF6C40096B177 /* IMXAudioClipManager.swift in Sources */ = {isa = PBXBuildFile; fileRef = 78D9D0D01FDBF6C40096B177 /* IMXAudioClipManager.swift */; };
		78D9D0D31FDC29320096B177 /* jingmeng.caf in Resources */ = {isa = PBXBuildFile; fileRef = 78D9D0D21FDC29320096B177 /* jingmeng.caf */; };
		78ECC4B71FD0457A005ED434 /* Assets.xcassets in Resources */ = {isa = PBXBuildFile; fileRef = 78ECC4B61FD0457A005ED434 /* Assets.xcassets */; };
		78ECC4BA1FD0457A005ED434 /* LaunchScreen.storyboard in Resources */ = {isa = PBXBuildFile; fileRef = 78ECC4B81FD0457A005ED434 /* LaunchScreen.storyboard */; };
		78ECC4BD1FD0457A005ED434 /* main.m in Sources */ = {isa = PBXBuildFile; fileRef = 78ECC4BC1FD0457A005ED434 /* main.m */; };
		A19F47EC1FD12EAB00527199 /* ZPSTabBarLaunchService.m in Sources */ = {isa = PBXBuildFile; fileRef = A19F47D21FD12D6C00527199 /* ZPSTabBarLaunchService.m */; };
		A19F47EF1FD12EDF00527199 /* CTMediator+ZPCommon.m in Sources */ = {isa = PBXBuildFile; fileRef = A19F47EE1FD12EDF00527199 /* CTMediator+ZPCommon.m */; };
		A19F47F01FD12F4600527199 /* ZPSTabBarViewController.m in Sources */ = {isa = PBXBuildFile; fileRef = A19F47D41FD12D6C00527199 /* ZPSTabBarViewController.m */; };
		A19F47F11FD12F5D00527199 /* ZPNavigationController.m in Sources */ = {isa = PBXBuildFile; fileRef = A19F47CF1FD12D6C00527199 /* ZPNavigationController.m */; };
		A19F47F21FD12F6600527199 /* ZPBaseViewController.m in Sources */ = {isa = PBXBuildFile; fileRef = A19F47CD1FD12D6C00527199 /* ZPBaseViewController.m */; };
		A19F47F41FD130B100527199 /* 1@2x.png in Resources */ = {isa = PBXBuildFile; fileRef = A19F47CA1FD12D6C00527199 /* 1@2x.png */; };
		A19F47F51FD130B300527199 /* 2@2x.png in Resources */ = {isa = PBXBuildFile; fileRef = A19F47CB1FD12D6C00527199 /* 2@2x.png */; };
		A19F47FC1FD136D800527199 /* IMXBaseCpt.framework in Frameworks */ = {isa = PBXBuildFile; fileRef = A19F47FB1FD136D800527199 /* IMXBaseCpt.framework */; };
		A19F47FD1FD136D800527199 /* IMXBaseCpt.framework in Embed Frameworks */ = {isa = PBXBuildFile; fileRef = A19F47FB1FD136D800527199 /* IMXBaseCpt.framework */; settings = {ATTRIBUTES = (CodeSignOnCopy, RemoveHeadersOnCopy, ); }; };
		A19F47FE1FD1376500527199 /* ZPSTabbarConfigs.plist in Resources */ = {isa = PBXBuildFile; fileRef = A19F47D01FD12D6C00527199 /* ZPSTabbarConfigs.plist */; };
		A1EA55911FD8EBA9003354EF /* DemoTest.swift in Sources */ = {isa = PBXBuildFile; fileRef = A1EA55901FD8EBA9003354EF /* DemoTest.swift */; };
/* End PBXBuildFile section */

/* Begin PBXCopyFilesBuildPhase section */
		A19F47BA1FD128F100527199 /* Embed Frameworks */ = {
			isa = PBXCopyFilesBuildPhase;
			buildActionMask = 2147483647;
			dstPath = "";
			dstSubfolderSpec = 10;
			files = (
				A19F47FD1FD136D800527199 /* IMXBaseCpt.framework in Embed Frameworks */,
			);
			name = "Embed Frameworks";
			runOnlyForDeploymentPostprocessing = 0;
		};
/* End PBXCopyFilesBuildPhase section */

/* Begin PBXFileReference section */
		362CA4D47E5ED18842990D81 /* Pods-ZPRingtone.release.xcconfig */ = {isa = PBXFileReference; includeInIndex = 1; lastKnownFileType = text.xcconfig; name = "Pods-ZPRingtone.release.xcconfig"; path = "Pods/Target Support Files/Pods-ZPRingtone/Pods-ZPRingtone.release.xcconfig"; sourceTree = "<group>"; };
		46D323705745EF75CC8AC34F /* Pods-ZPRingtone.debug.xcconfig */ = {isa = PBXFileReference; includeInIndex = 1; lastKnownFileType = text.xcconfig; name = "Pods-ZPRingtone.debug.xcconfig"; path = "Pods/Target Support Files/Pods-ZPRingtone/Pods-ZPRingtone.debug.xcconfig"; sourceTree = "<group>"; };
		780469591FD58F6100FF3D1D /* Organ.wav */ = {isa = PBXFileReference; lastKnownFileType = audio.wav; path = Organ.wav; sourceTree = "<group>"; };
		7804695A1FD58F6200FF3D1D /* jingmeng.mp3 */ = {isa = PBXFileReference; lastKnownFileType = audio.mp3; path = jingmeng.mp3; sourceTree = "<group>"; };
		7804695D1FD59B0200FF3D1D /* TchaikovskyExample2.m4a */ = {isa = PBXFileReference; lastKnownFileType = file; path = TchaikovskyExample2.m4a; sourceTree = "<group>"; };
		788FA8E91FD581720012BE64 /* ZPRingtone-Bridging-Header.h */ = {isa = PBXFileReference; lastKnownFileType = sourcecode.c.h; path = "ZPRingtone-Bridging-Header.h"; sourceTree = "<group>"; };
		788FA8F91FD583D60012BE64 /* IMXAudioFileManager.h */ = {isa = PBXFileReference; lastKnownFileType = sourcecode.c.h; path = IMXAudioFileManager.h; sourceTree = "<group>"; };
		788FA8FA1FD583D60012BE64 /* IMXAudioFileManager.m */ = {isa = PBXFileReference; lastKnownFileType = sourcecode.c.objc; path = IMXAudioFileManager.m; sourceTree = "<group>"; };
		788FA8FC1FD584E20012BE64 /* FDWaveformView.swift */ = {isa = PBXFileReference; fileEncoding = 4; lastKnownFileType = sourcecode.swift; path = FDWaveformView.swift; sourceTree = "<group>"; };
		788FA8FD1FD584E20012BE64 /* FDAudioContext.swift */ = {isa = PBXFileReference; fileEncoding = 4; lastKnownFileType = sourcecode.swift; path = FDAudioContext.swift; sourceTree = "<group>"; };
		788FA8FE1FD584E20012BE64 /* FDWaveformRenderOperation.swift */ = {isa = PBXFileReference; fileEncoding = 4; lastKnownFileType = sourcecode.swift; path = FDWaveformRenderOperation.swift; sourceTree = "<group>"; };
		78D9D0CB1FD6D9A30096B177 /* IMXWaveFormManager.swift */ = {isa = PBXFileReference; lastKnownFileType = sourcecode.swift; path = IMXWaveFormManager.swift; sourceTree = "<group>"; };
		78D9D0CD1FD825570096B177 /* IMXClipView.h */ = {isa = PBXFileReference; lastKnownFileType = sourcecode.c.h; path = IMXClipView.h; sourceTree = "<group>"; };
		78D9D0CE1FD825570096B177 /* IMXClipView.m */ = {isa = PBXFileReference; lastKnownFileType = sourcecode.c.objc; path = IMXClipView.m; sourceTree = "<group>"; };
		78D9D0D01FDBF6C40096B177 /* IMXAudioClipManager.swift */ = {isa = PBXFileReference; lastKnownFileType = sourcecode.swift; path = IMXAudioClipManager.swift; sourceTree = "<group>"; };
		78D9D0D21FDC29320096B177 /* jingmeng.caf */ = {isa = PBXFileReference; lastKnownFileType = file; path = jingmeng.caf; sourceTree = "<group>"; };
		78ECC4AA1FD0457A005ED434 /* ZPRingtone.app */ = {isa = PBXFileReference; explicitFileType = wrapper.application; includeInIndex = 0; path = ZPRingtone.app; sourceTree = BUILT_PRODUCTS_DIR; };
		78ECC4B61FD0457A005ED434 /* Assets.xcassets */ = {isa = PBXFileReference; lastKnownFileType = folder.assetcatalog; path = Assets.xcassets; sourceTree = "<group>"; };
		78ECC4B91FD0457A005ED434 /* Base */ = {isa = PBXFileReference; lastKnownFileType = file.storyboard; name = Base; path = Base.lproj/LaunchScreen.storyboard; sourceTree = "<group>"; };
		78ECC4BB1FD0457A005ED434 /* Info.plist */ = {isa = PBXFileReference; lastKnownFileType = text.plist.xml; path = Info.plist; sourceTree = "<group>"; };
		78ECC4BC1FD0457A005ED434 /* main.m */ = {isa = PBXFileReference; lastKnownFileType = sourcecode.c.objc; path = main.m; sourceTree = "<group>"; };
		A19F47BE1FD12B5D00527199 /* ZPRingtone-Prefix.pch */ = {isa = PBXFileReference; lastKnownFileType = sourcecode.c.h; path = "ZPRingtone-Prefix.pch"; sourceTree = "<group>"; };
		A19F47CA1FD12D6C00527199 /* 1@2x.png */ = {isa = PBXFileReference; lastKnownFileType = image.png; path = "1@2x.png"; sourceTree = "<group>"; };
		A19F47CB1FD12D6C00527199 /* 2@2x.png */ = {isa = PBXFileReference; lastKnownFileType = image.png; path = "2@2x.png"; sourceTree = "<group>"; };
		A19F47CC1FD12D6C00527199 /* ZPBaseViewController.h */ = {isa = PBXFileReference; lastKnownFileType = sourcecode.c.h; path = ZPBaseViewController.h; sourceTree = "<group>"; };
		A19F47CD1FD12D6C00527199 /* ZPBaseViewController.m */ = {isa = PBXFileReference; lastKnownFileType = sourcecode.c.objc; path = ZPBaseViewController.m; sourceTree = "<group>"; };
		A19F47CE1FD12D6C00527199 /* ZPNavigationController.h */ = {isa = PBXFileReference; lastKnownFileType = sourcecode.c.h; path = ZPNavigationController.h; sourceTree = "<group>"; };
		A19F47CF1FD12D6C00527199 /* ZPNavigationController.m */ = {isa = PBXFileReference; lastKnownFileType = sourcecode.c.objc; path = ZPNavigationController.m; sourceTree = "<group>"; };
		A19F47D01FD12D6C00527199 /* ZPSTabbarConfigs.plist */ = {isa = PBXFileReference; lastKnownFileType = text.plist.xml; path = ZPSTabbarConfigs.plist; sourceTree = "<group>"; };
		A19F47D11FD12D6C00527199 /* ZPSTabBarLaunchService.h */ = {isa = PBXFileReference; lastKnownFileType = sourcecode.c.h; path = ZPSTabBarLaunchService.h; sourceTree = "<group>"; };
		A19F47D21FD12D6C00527199 /* ZPSTabBarLaunchService.m */ = {isa = PBXFileReference; lastKnownFileType = sourcecode.c.objc; path = ZPSTabBarLaunchService.m; sourceTree = "<group>"; };
		A19F47D31FD12D6C00527199 /* ZPSTabBarViewController.h */ = {isa = PBXFileReference; lastKnownFileType = sourcecode.c.h; path = ZPSTabBarViewController.h; sourceTree = "<group>"; };
		A19F47D41FD12D6C00527199 /* ZPSTabBarViewController.m */ = {isa = PBXFileReference; lastKnownFileType = sourcecode.c.objc; path = ZPSTabBarViewController.m; sourceTree = "<group>"; };
		A19F47DF1FD12D6C00527199 /* ZPColorDefineKit.h */ = {isa = PBXFileReference; lastKnownFileType = sourcecode.c.h; path = ZPColorDefineKit.h; sourceTree = "<group>"; };
		A19F47E01FD12D6C00527199 /* ZPFontMacroDefine.h */ = {isa = PBXFileReference; lastKnownFileType = sourcecode.c.h; path = ZPFontMacroDefine.h; sourceTree = "<group>"; };
		A19F47E11FD12D6C00527199 /* ZPMacroDefine.h */ = {isa = PBXFileReference; lastKnownFileType = sourcecode.c.h; path = ZPMacroDefine.h; sourceTree = "<group>"; };
		A19F47E41FD12D7400527199 /* ZPHomeViewController.h */ = {isa = PBXFileReference; lastKnownFileType = sourcecode.c.h; path = ZPHomeViewController.h; sourceTree = "<group>"; };
		A19F47E51FD12D7400527199 /* ZPHomeViewController.m */ = {isa = PBXFileReference; lastKnownFileType = sourcecode.c.objc; path = ZPHomeViewController.m; sourceTree = "<group>"; };
		A19F47ED1FD12EDF00527199 /* CTMediator+ZPCommon.h */ = {isa = PBXFileReference; fileEncoding = 4; lastKnownFileType = sourcecode.c.h; path = "CTMediator+ZPCommon.h"; sourceTree = "<group>"; };
		A19F47EE1FD12EDF00527199 /* CTMediator+ZPCommon.m */ = {isa = PBXFileReference; fileEncoding = 4; lastKnownFileType = sourcecode.c.objc; path = "CTMediator+ZPCommon.m"; sourceTree = "<group>"; };
		A19F47FB1FD136D800527199 /* IMXBaseCpt.framework */ = {isa = PBXFileReference; lastKnownFileType = wrapper.framework; path = IMXBaseCpt.framework; sourceTree = "<group>"; };
		A1EA55901FD8EBA9003354EF /* DemoTest.swift */ = {isa = PBXFileReference; lastKnownFileType = sourcecode.swift; path = DemoTest.swift; sourceTree = "<group>"; };
		FD8298BC78D1FE45DC69E9A2 /* libPods-ZPRingtone.a */ = {isa = PBXFileReference; explicitFileType = archive.ar; includeInIndex = 0; path = "libPods-ZPRingtone.a"; sourceTree = BUILT_PRODUCTS_DIR; };
/* End PBXFileReference section */

/* Begin PBXFrameworksBuildPhase section */
		78ECC4A71FD0457A005ED434 /* Frameworks */ = {
			isa = PBXFrameworksBuildPhase;
			buildActionMask = 2147483647;
			files = (
				A19F47FC1FD136D800527199 /* IMXBaseCpt.framework in Frameworks */,
				273DB9492F41AEEBFFDA9523 /* libPods-ZPRingtone.a in Frameworks */,
			);
			runOnlyForDeploymentPostprocessing = 0;
		};
/* End PBXFrameworksBuildPhase section */

/* Begin PBXGroup section */
		716BF47D1EF73FE30CB91B44 /* Pods */ = {
			isa = PBXGroup;
			children = (
				46D323705745EF75CC8AC34F /* Pods-ZPRingtone.debug.xcconfig */,
				362CA4D47E5ED18842990D81 /* Pods-ZPRingtone.release.xcconfig */,
			);
			name = Pods;
			sourceTree = "<group>";
		};
		788FA8F11FD582D80012BE64 /* Libs */ = {
			isa = PBXGroup;
			children = (
				788FA8F21FD582D80012BE64 /* 3rd */,
			);
			path = Libs;
			sourceTree = "<group>";
		};
		788FA8F21FD582D80012BE64 /* 3rd */ = {
			isa = PBXGroup;
			children = (
				788FA8FD1FD584E20012BE64 /* FDAudioContext.swift */,
				788FA8FE1FD584E20012BE64 /* FDWaveformRenderOperation.swift */,
				788FA8FC1FD584E20012BE64 /* FDWaveformView.swift */,
			);
			path = 3rd;
			sourceTree = "<group>";
		};
		78ECC4A11FD04577005ED434 = {
			isa = PBXGroup;
			children = (
				A19F47FB1FD136D800527199 /* IMXBaseCpt.framework */,
				78ECC4AC1FD0457A005ED434 /* ZPRingtone */,
				78ECC4AB1FD0457A005ED434 /* Products */,
				716BF47D1EF73FE30CB91B44 /* Pods */,
				D1EA2ECBAFDAB1CD097FAFC1 /* Frameworks */,
			);
			sourceTree = "<group>";
		};
		78ECC4AB1FD0457A005ED434 /* Products */ = {
			isa = PBXGroup;
			children = (
				78ECC4AA1FD0457A005ED434 /* ZPRingtone.app */,
			);
			name = Products;
			sourceTree = "<group>";
		};
		78ECC4AC1FD0457A005ED434 /* ZPRingtone */ = {
			isa = PBXGroup;
			children = (
				A19F47E21FD12D7400527199 /* ZPHome */,
				A19F47C71FD12D6C00527199 /* ZPCommon */,
				78ECC4B61FD0457A005ED434 /* Assets.xcassets */,
				78ECC4B81FD0457A005ED434 /* LaunchScreen.storyboard */,
				78ECC4BB1FD0457A005ED434 /* Info.plist */,
				78ECC4BC1FD0457A005ED434 /* main.m */,
				A19F47BE1FD12B5D00527199 /* ZPRingtone-Prefix.pch */,
			);
			path = ZPRingtone;
			sourceTree = "<group>";
		};
		A19F47C71FD12D6C00527199 /* ZPCommon */ = {
			isa = PBXGroup;
			children = (
				788FA8F11FD582D80012BE64 /* Libs */,
				A19F47C81FD12D6C00527199 /* Biz */,
				A19F47DA1FD12D6C00527199 /* Cpts */,
				A19F47DD1FD12D6C00527199 /* Module */,
				A19F47DE1FD12D6C00527199 /* Utils */,
			);
			path = ZPCommon;
			sourceTree = "<group>";
		};
		A19F47C81FD12D6C00527199 /* Biz */ = {
			isa = PBXGroup;
			children = (
				A19F47C91FD12D6C00527199 /* BaseUI */,
				A19F47D51FD12D6C00527199 /* Routers */,
			);
			path = Biz;
			sourceTree = "<group>";
		};
		A19F47C91FD12D6C00527199 /* BaseUI */ = {
			isa = PBXGroup;
			children = (
				A19F47CA1FD12D6C00527199 /* 1@2x.png */,
				A19F47CB1FD12D6C00527199 /* 2@2x.png */,
				A19F47CC1FD12D6C00527199 /* ZPBaseViewController.h */,
				A19F47CD1FD12D6C00527199 /* ZPBaseViewController.m */,
				A19F47CE1FD12D6C00527199 /* ZPNavigationController.h */,
				A19F47CF1FD12D6C00527199 /* ZPNavigationController.m */,
				A19F47D01FD12D6C00527199 /* ZPSTabbarConfigs.plist */,
				A19F47D11FD12D6C00527199 /* ZPSTabBarLaunchService.h */,
				A19F47D21FD12D6C00527199 /* ZPSTabBarLaunchService.m */,
				A19F47D31FD12D6C00527199 /* ZPSTabBarViewController.h */,
				A19F47D41FD12D6C00527199 /* ZPSTabBarViewController.m */,
			);
			path = BaseUI;
			sourceTree = "<group>";
		};
		A19F47D51FD12D6C00527199 /* Routers */ = {
			isa = PBXGroup;
			children = (
				A19F47ED1FD12EDF00527199 /* CTMediator+ZPCommon.h */,
				A19F47EE1FD12EDF00527199 /* CTMediator+ZPCommon.m */,
			);
			path = Routers;
			sourceTree = "<group>";
		};
		A19F47DA1FD12D6C00527199 /* Cpts */ = {
			isa = PBXGroup;
			children = (
				A19F47DB1FD12D6C00527199 /* Funcs */,
				A19F47DC1FD12D6C00527199 /* UIs */,
			);
			path = Cpts;
			sourceTree = "<group>";
		};
		A19F47DB1FD12D6C00527199 /* Funcs */ = {
			isa = PBXGroup;
			children = (
				788FA8F91FD583D60012BE64 /* IMXAudioFileManager.h */,
				788FA8FA1FD583D60012BE64 /* IMXAudioFileManager.m */,
				78D9D0CB1FD6D9A30096B177 /* IMXWaveFormManager.swift */,
				78D9D0D01FDBF6C40096B177 /* IMXAudioClipManager.swift */,
			);
			path = Funcs;
			sourceTree = "<group>";
		};
		A19F47DC1FD12D6C00527199 /* UIs */ = {
			isa = PBXGroup;
			children = (
				78D9D0CD1FD825570096B177 /* IMXClipView.h */,
				78D9D0CE1FD825570096B177 /* IMXClipView.m */,
			);
			path = UIs;
			sourceTree = "<group>";
		};
		A19F47DD1FD12D6C00527199 /* Module */ = {
			isa = PBXGroup;
			children = (
			);
			path = Module;
			sourceTree = "<group>";
		};
		A19F47DE1FD12D6C00527199 /* Utils */ = {
			isa = PBXGroup;
			children = (
				A19F47DF1FD12D6C00527199 /* ZPColorDefineKit.h */,
				A19F47E01FD12D6C00527199 /* ZPFontMacroDefine.h */,
				A19F47E11FD12D6C00527199 /* ZPMacroDefine.h */,
			);
			path = Utils;
			sourceTree = "<group>";
		};
		A19F47E21FD12D7400527199 /* ZPHome */ = {
			isa = PBXGroup;
			children = (
				A19F47E31FD12D7400527199 /* Biz */,
				A19F47E61FD12D7400527199 /* Cpts */,
				A19F47E91FD12D7400527199 /* Module */,
				A19F47EB1FD12D7400527199 /* Utils */,
			);
			path = ZPHome;
			sourceTree = "<group>";
		};
		A19F47E31FD12D7400527199 /* Biz */ = {
			isa = PBXGroup;
			children = (
				78D9D0D21FDC29320096B177 /* jingmeng.caf */,
				7804695D1FD59B0200FF3D1D /* TchaikovskyExample2.m4a */,
				7804695A1FD58F6200FF3D1D /* jingmeng.mp3 */,
				780469591FD58F6100FF3D1D /* Organ.wav */,
				A19F47E41FD12D7400527199 /* ZPHomeViewController.h */,
				A19F47E51FD12D7400527199 /* ZPHomeViewController.m */,
				788FA8E91FD581720012BE64 /* ZPRingtone-Bridging-Header.h */,
				A1EA55901FD8EBA9003354EF /* DemoTest.swift */,
			);
			path = Biz;
			sourceTree = "<group>";
		};
		A19F47E61FD12D7400527199 /* Cpts */ = {
			isa = PBXGroup;
			children = (
				A19F47E71FD12D7400527199 /* Funcs */,
				A19F47E81FD12D7400527199 /* UIs */,
			);
			path = Cpts;
			sourceTree = "<group>";
		};
		A19F47E71FD12D7400527199 /* Funcs */ = {
			isa = PBXGroup;
			children = (
			);
			path = Funcs;
			sourceTree = "<group>";
		};
		A19F47E81FD12D7400527199 /* UIs */ = {
			isa = PBXGroup;
			children = (
			);
			path = UIs;
			sourceTree = "<group>";
		};
		A19F47E91FD12D7400527199 /* Module */ = {
			isa = PBXGroup;
			children = (
			);
			path = Module;
			sourceTree = "<group>";
		};
		A19F47EB1FD12D7400527199 /* Utils */ = {
			isa = PBXGroup;
			children = (
			);
			path = Utils;
			sourceTree = "<group>";
		};
		D1EA2ECBAFDAB1CD097FAFC1 /* Frameworks */ = {
			isa = PBXGroup;
			children = (
				FD8298BC78D1FE45DC69E9A2 /* libPods-ZPRingtone.a */,
			);
			name = Frameworks;
			sourceTree = "<group>";
		};
/* End PBXGroup section */

/* Begin PBXNativeTarget section */
		78ECC4A91FD0457A005ED434 /* ZPRingtone */ = {
			isa = PBXNativeTarget;
			buildConfigurationList = 78ECC4C01FD0457A005ED434 /* Build configuration list for PBXNativeTarget "ZPRingtone" */;
			buildPhases = (
				464D3BF661512900D9EE2F5E /* [CP] Check Pods Manifest.lock */,
				78ECC4A61FD0457A005ED434 /* Sources */,
				78ECC4A71FD0457A005ED434 /* Frameworks */,
				78ECC4A81FD0457A005ED434 /* Resources */,
				929AEC3AC07087A84C26EB19 /* [CP] Embed Pods Frameworks */,
				2D1BC37B95FA7793764A4370 /* [CP] Copy Pods Resources */,
				A19F47BA1FD128F100527199 /* Embed Frameworks */,
			);
			buildRules = (
			);
			dependencies = (
			);
			name = ZPRingtone;
			productName = ZPRingtone;
			productReference = 78ECC4AA1FD0457A005ED434 /* ZPRingtone.app */;
			productType = "com.apple.product-type.application";
		};
/* End PBXNativeTarget section */

/* Begin PBXProject section */
		78ECC4A21FD04577005ED434 /* Project object */ = {
			isa = PBXProject;
			attributes = {
				LastUpgradeCheck = 0910;
				ORGANIZATIONNAME = zhoupan;
				TargetAttributes = {
					78ECC4A91FD0457A005ED434 = {
						CreatedOnToolsVersion = 9.1;
						LastSwiftMigration = 0910;
						ProvisioningStyle = Manual;
					};
				};
			};
			buildConfigurationList = 78ECC4A51FD04577005ED434 /* Build configuration list for PBXProject "ZPRingtone" */;
			compatibilityVersion = "Xcode 8.0";
			developmentRegion = en;
			hasScannedForEncodings = 0;
			knownRegions = (
				en,
				Base,
			);
			mainGroup = 78ECC4A11FD04577005ED434;
			productRefGroup = 78ECC4AB1FD0457A005ED434 /* Products */;
			projectDirPath = "";
			projectRoot = "";
			targets = (
				78ECC4A91FD0457A005ED434 /* ZPRingtone */,
			);
		};
/* End PBXProject section */

/* Begin PBXResourcesBuildPhase section */
		78ECC4A81FD0457A005ED434 /* Resources */ = {
			isa = PBXResourcesBuildPhase;
			buildActionMask = 2147483647;
			files = (
				78D9D0D31FDC29320096B177 /* jingmeng.caf in Resources */,
				7804695C1FD58F6200FF3D1D /* jingmeng.mp3 in Resources */,
				A19F47F41FD130B100527199 /* 1@2x.png in Resources */,
				78ECC4BA1FD0457A005ED434 /* LaunchScreen.storyboard in Resources */,
				7804695B1FD58F6200FF3D1D /* Organ.wav in Resources */,
				78ECC4B71FD0457A005ED434 /* Assets.xcassets in Resources */,
				780469641FD59C7A00FF3D1D /* TchaikovskyExample2.m4a in Resources */,
				A19F47FE1FD1376500527199 /* ZPSTabbarConfigs.plist in Resources */,
				A19F47F51FD130B300527199 /* 2@2x.png in Resources */,
			);
			runOnlyForDeploymentPostprocessing = 0;
		};
/* End PBXResourcesBuildPhase section */

/* Begin PBXShellScriptBuildPhase section */
		2D1BC37B95FA7793764A4370 /* [CP] Copy Pods Resources */ = {
			isa = PBXShellScriptBuildPhase;
			buildActionMask = 2147483647;
			files = (
			);
			inputPaths = (
			);
			name = "[CP] Copy Pods Resources";
			outputPaths = (
			);
			runOnlyForDeploymentPostprocessing = 0;
			shellPath = /bin/sh;
			shellScript = "\"${SRCROOT}/Pods/Target Support Files/Pods-ZPRingtone/Pods-ZPRingtone-resources.sh\"\n";
			showEnvVarsInLog = 0;
		};
		464D3BF661512900D9EE2F5E /* [CP] Check Pods Manifest.lock */ = {
			isa = PBXShellScriptBuildPhase;
			buildActionMask = 2147483647;
			files = (
			);
			inputPaths = (
				"${PODS_PODFILE_DIR_PATH}/Podfile.lock",
				"${PODS_ROOT}/Manifest.lock",
			);
			name = "[CP] Check Pods Manifest.lock";
			outputPaths = (
				"$(DERIVED_FILE_DIR)/Pods-ZPRingtone-checkManifestLockResult.txt",
			);
			runOnlyForDeploymentPostprocessing = 0;
			shellPath = /bin/sh;
			shellScript = "diff \"${PODS_PODFILE_DIR_PATH}/Podfile.lock\" \"${PODS_ROOT}/Manifest.lock\" > /dev/null\nif [ $? != 0 ] ; then\n    # print error to STDERR\n    echo \"error: The sandbox is not in sync with the Podfile.lock. Run 'pod install' or update your CocoaPods installation.\" >&2\n    exit 1\nfi\n";
			showEnvVarsInLog = 0;
		};
		929AEC3AC07087A84C26EB19 /* [CP] Embed Pods Frameworks */ = {
			isa = PBXShellScriptBuildPhase;
			buildActionMask = 2147483647;
			files = (
			);
			inputPaths = (
				"${SRCROOT}/Pods/Target Support Files/Pods-ZPRingtone/Pods-ZPRingtone-frameworks.sh",
				"${PODS_ROOT}/AudioKit/iOS/AudioKit.framework",
				"${PODS_ROOT}/AudioKit/iOS/AudioKitUI.framework",
			);
			name = "[CP] Embed Pods Frameworks";
			outputPaths = (
				"${TARGET_BUILD_DIR}/${FRAMEWORKS_FOLDER_PATH}/AudioKit.framework",
				"${TARGET_BUILD_DIR}/${FRAMEWORKS_FOLDER_PATH}/AudioKitUI.framework",
			);
			runOnlyForDeploymentPostprocessing = 0;
			shellPath = /bin/sh;
			shellScript = "\"${SRCROOT}/Pods/Target Support Files/Pods-ZPRingtone/Pods-ZPRingtone-frameworks.sh\"\n";
			showEnvVarsInLog = 0;
		};
/* End PBXShellScriptBuildPhase section */

/* Begin PBXSourcesBuildPhase section */
		78ECC4A61FD0457A005ED434 /* Sources */ = {
			isa = PBXSourcesBuildPhase;
			buildActionMask = 2147483647;
			files = (
				A19F47F01FD12F4600527199 /* ZPSTabBarViewController.m in Sources */,
				788FA8FF1FD584E20012BE64 /* FDWaveformView.swift in Sources */,
				780469631FD59C0F00FF3D1D /* ZPHomeViewController.m in Sources */,
				788FA9011FD584E20012BE64 /* FDWaveformRenderOperation.swift in Sources */,
				A19F47EF1FD12EDF00527199 /* CTMediator+ZPCommon.m in Sources */,
				788FA9001FD584E20012BE64 /* FDAudioContext.swift in Sources */,
				A19F47F11FD12F5D00527199 /* ZPNavigationController.m in Sources */,
				78D9D0CC1FD6D9A30096B177 /* IMXWaveFormManager.swift in Sources */,
				788FA8FB1FD583D60012BE64 /* IMXAudioFileManager.m in Sources */,
				78D9D0D11FDBF6C40096B177 /* IMXAudioClipManager.swift in Sources */,
				A19F47F21FD12F6600527199 /* ZPBaseViewController.m in Sources */,
				A19F47EC1FD12EAB00527199 /* ZPSTabBarLaunchService.m in Sources */,
				A1EA55911FD8EBA9003354EF /* DemoTest.swift in Sources */,
				78ECC4BD1FD0457A005ED434 /* main.m in Sources */,
				78D9D0CF1FD825570096B177 /* IMXClipView.m in Sources */,
			);
			runOnlyForDeploymentPostprocessing = 0;
		};
/* End PBXSourcesBuildPhase section */

/* Begin PBXVariantGroup section */
		78ECC4B81FD0457A005ED434 /* LaunchScreen.storyboard */ = {
			isa = PBXVariantGroup;
			children = (
				78ECC4B91FD0457A005ED434 /* Base */,
			);
			name = LaunchScreen.storyboard;
			sourceTree = "<group>";
		};
/* End PBXVariantGroup section */

/* Begin XCBuildConfiguration section */
		78ECC4BE1FD0457A005ED434 /* Debug */ = {
			isa = XCBuildConfiguration;
			buildSettings = {
				ALWAYS_SEARCH_USER_PATHS = NO;
				CLANG_ANALYZER_NONNULL = YES;
				CLANG_ANALYZER_NUMBER_OBJECT_CONVERSION = YES_AGGRESSIVE;
				CLANG_CXX_LANGUAGE_STANDARD = "gnu++14";
				CLANG_CXX_LIBRARY = "libc++";
				CLANG_ENABLE_MODULES = YES;
				CLANG_ENABLE_OBJC_ARC = YES;
				CLANG_WARN_BLOCK_CAPTURE_AUTORELEASING = YES;
				CLANG_WARN_BOOL_CONVERSION = YES;
				CLANG_WARN_COMMA = YES;
				CLANG_WARN_CONSTANT_CONVERSION = YES;
				CLANG_WARN_DIRECT_OBJC_ISA_USAGE = YES_ERROR;
				CLANG_WARN_DOCUMENTATION_COMMENTS = YES;
				CLANG_WARN_EMPTY_BODY = YES;
				CLANG_WARN_ENUM_CONVERSION = YES;
				CLANG_WARN_INFINITE_RECURSION = YES;
				CLANG_WARN_INT_CONVERSION = YES;
				CLANG_WARN_NON_LITERAL_NULL_CONVERSION = YES;
				CLANG_WARN_OBJC_LITERAL_CONVERSION = YES;
				CLANG_WARN_OBJC_ROOT_CLASS = YES_ERROR;
				CLANG_WARN_RANGE_LOOP_ANALYSIS = YES;
				CLANG_WARN_STRICT_PROTOTYPES = YES;
				CLANG_WARN_SUSPICIOUS_MOVE = YES;
				CLANG_WARN_UNGUARDED_AVAILABILITY = YES_AGGRESSIVE;
				CLANG_WARN_UNREACHABLE_CODE = YES;
				CLANG_WARN__DUPLICATE_METHOD_MATCH = YES;
				CODE_SIGN_IDENTITY = "iPhone Developer";
				COPY_PHASE_STRIP = NO;
				DEBUG_INFORMATION_FORMAT = dwarf;
				ENABLE_STRICT_OBJC_MSGSEND = YES;
				ENABLE_TESTABILITY = YES;
				GCC_C_LANGUAGE_STANDARD = gnu11;
				GCC_DYNAMIC_NO_PIC = NO;
				GCC_NO_COMMON_BLOCKS = YES;
				GCC_OPTIMIZATION_LEVEL = 0;
				GCC_PREPROCESSOR_DEFINITIONS = (
					"DEBUG=1",
					"$(inherited)",
				);
				GCC_WARN_64_TO_32_BIT_CONVERSION = YES;
				GCC_WARN_ABOUT_RETURN_TYPE = YES_ERROR;
				GCC_WARN_UNDECLARED_SELECTOR = YES;
				GCC_WARN_UNINITIALIZED_AUTOS = YES_AGGRESSIVE;
				GCC_WARN_UNUSED_FUNCTION = YES;
				GCC_WARN_UNUSED_VARIABLE = YES;
				IPHONEOS_DEPLOYMENT_TARGET = 11.1;
				MTL_ENABLE_DEBUG_INFO = YES;
				ONLY_ACTIVE_ARCH = YES;
				SDKROOT = iphoneos;
			};
			name = Debug;
		};
		78ECC4BF1FD0457A005ED434 /* Release */ = {
			isa = XCBuildConfiguration;
			buildSettings = {
				ALWAYS_SEARCH_USER_PATHS = NO;
				CLANG_ANALYZER_NONNULL = YES;
				CLANG_ANALYZER_NUMBER_OBJECT_CONVERSION = YES_AGGRESSIVE;
				CLANG_CXX_LANGUAGE_STANDARD = "gnu++14";
				CLANG_CXX_LIBRARY = "libc++";
				CLANG_ENABLE_MODULES = YES;
				CLANG_ENABLE_OBJC_ARC = YES;
				CLANG_WARN_BLOCK_CAPTURE_AUTORELEASING = YES;
				CLANG_WARN_BOOL_CONVERSION = YES;
				CLANG_WARN_COMMA = YES;
				CLANG_WARN_CONSTANT_CONVERSION = YES;
				CLANG_WARN_DIRECT_OBJC_ISA_USAGE = YES_ERROR;
				CLANG_WARN_DOCUMENTATION_COMMENTS = YES;
				CLANG_WARN_EMPTY_BODY = YES;
				CLANG_WARN_ENUM_CONVERSION = YES;
				CLANG_WARN_INFINITE_RECURSION = YES;
				CLANG_WARN_INT_CONVERSION = YES;
				CLANG_WARN_NON_LITERAL_NULL_CONVERSION = YES;
				CLANG_WARN_OBJC_LITERAL_CONVERSION = YES;
				CLANG_WARN_OBJC_ROOT_CLASS = YES_ERROR;
				CLANG_WARN_RANGE_LOOP_ANALYSIS = YES;
				CLANG_WARN_STRICT_PROTOTYPES = YES;
				CLANG_WARN_SUSPICIOUS_MOVE = YES;
				CLANG_WARN_UNGUARDED_AVAILABILITY = YES_AGGRESSIVE;
				CLANG_WARN_UNREACHABLE_CODE = YES;
				CLANG_WARN__DUPLICATE_METHOD_MATCH = YES;
				CODE_SIGN_IDENTITY = "iPhone Developer";
				COPY_PHASE_STRIP = NO;
				DEBUG_INFORMATION_FORMAT = "dwarf-with-dsym";
				ENABLE_NS_ASSERTIONS = NO;
				ENABLE_STRICT_OBJC_MSGSEND = YES;
				GCC_C_LANGUAGE_STANDARD = gnu11;
				GCC_NO_COMMON_BLOCKS = YES;
				GCC_WARN_64_TO_32_BIT_CONVERSION = YES;
				GCC_WARN_ABOUT_RETURN_TYPE = YES_ERROR;
				GCC_WARN_UNDECLARED_SELECTOR = YES;
				GCC_WARN_UNINITIALIZED_AUTOS = YES_AGGRESSIVE;
				GCC_WARN_UNUSED_FUNCTION = YES;
				GCC_WARN_UNUSED_VARIABLE = YES;
				IPHONEOS_DEPLOYMENT_TARGET = 11.1;
				MTL_ENABLE_DEBUG_INFO = NO;
				SDKROOT = iphoneos;
				VALIDATE_PRODUCT = YES;
			};
			name = Release;
		};
		78ECC4C11FD0457A005ED434 /* Debug */ = {
			isa = XCBuildConfiguration;
			baseConfigurationReference = 46D323705745EF75CC8AC34F /* Pods-ZPRingtone.debug.xcconfig */;
			buildSettings = {
				ALWAYS_EMBED_SWIFT_STANDARD_LIBRARIES = YES;
				ASSETCATALOG_COMPILER_APPICON_NAME = AppIcon;
				CLANG_ENABLE_MODULES = YES;
				CODE_SIGN_STYLE = Manual;
				DEVELOPMENT_TEAM = "";
				FRAMEWORK_SEARCH_PATHS = (
					"$(inherited)",
					"$(PROJECT_DIR)",
				);
				GCC_PRECOMPILE_PREFIX_HEADER = YES;
				GCC_PREFIX_HEADER = "$(SRCROOT)/$(PROJECT)/$(PROJECT)-Prefix.pch";
				INFOPLIST_FILE = ZPRingtone/Info.plist;
				IPHONEOS_DEPLOYMENT_TARGET = 9.0;
				LD_RUNPATH_SEARCH_PATHS = "$(inherited) @executable_path/Frameworks";
				PRODUCT_BUNDLE_IDENTIFIER = pan.ZPRingtone;
				PRODUCT_NAME = "$(TARGET_NAME)";
				PROVISIONING_PROFILE_SPECIFIER = "";
				SWIFT_OBJC_BRIDGING_HEADER = "ZPRingtone/ZPHome/Biz/ZPRingtone-Bridging-Header.h";
				SWIFT_OPTIMIZATION_LEVEL = "-Onone";
				SWIFT_VERSION = 4.0;
				TARGETED_DEVICE_FAMILY = "1,2";
			};
			name = Debug;
		};
		78ECC4C21FD0457A005ED434 /* Release */ = {
			isa = XCBuildConfiguration;
			baseConfigurationReference = 362CA4D47E5ED18842990D81 /* Pods-ZPRingtone.release.xcconfig */;
			buildSettings = {
				ALWAYS_EMBED_SWIFT_STANDARD_LIBRARIES = YES;
				ASSETCATALOG_COMPILER_APPICON_NAME = AppIcon;
				CLANG_ENABLE_MODULES = YES;
				CODE_SIGN_STYLE = Manual;
				DEVELOPMENT_TEAM = "";
				FRAMEWORK_SEARCH_PATHS = (
					"$(inherited)",
					"$(PROJECT_DIR)",
				);
				GCC_PRECOMPILE_PREFIX_HEADER = YES;
				GCC_PREFIX_HEADER = "$(SRCROOT)/$(PROJECT)/$(PROJECT)-Prefix.pch";
				INFOPLIST_FILE = ZPRingtone/Info.plist;
				IPHONEOS_DEPLOYMENT_TARGET = 9.0;
				LD_RUNPATH_SEARCH_PATHS = "$(inherited) @executable_path/Frameworks";
				PRODUCT_BUNDLE_IDENTIFIER = pan.ZPRingtone;
				PRODUCT_NAME = "$(TARGET_NAME)";
				PROVISIONING_PROFILE_SPECIFIER = "";
				SWIFT_OBJC_BRIDGING_HEADER = "ZPRingtone/ZPHome/Biz/ZPRingtone-Bridging-Header.h";
				SWIFT_VERSION = 4.0;
				TARGETED_DEVICE_FAMILY = "1,2";
			};
			name = Release;
		};
/* End XCBuildConfiguration section */

/* Begin XCConfigurationList section */
		78ECC4A51FD04577005ED434 /* Build configuration list for PBXProject "ZPRingtone" */ = {
			isa = XCConfigurationList;
			buildConfigurations = (
				78ECC4BE1FD0457A005ED434 /* Debug */,
				78ECC4BF1FD0457A005ED434 /* Release */,
			);
			defaultConfigurationIsVisible = 0;
			defaultConfigurationName = Release;
		};
		78ECC4C01FD0457A005ED434 /* Build configuration list for PBXNativeTarget "ZPRingtone" */ = {
			isa = XCConfigurationList;
			buildConfigurations = (
				78ECC4C11FD0457A005ED434 /* Debug */,
				78ECC4C21FD0457A005ED434 /* Release */,
			);
			defaultConfigurationIsVisible = 0;
			defaultConfigurationName = Release;
		};
/* End XCConfigurationList section */
	};
	rootObject = 78ECC4A21FD04577005ED434 /* Project object */;
}
